
Microsoft Visual Studio Solution File, Format Version 12.00
# Visual Studio Version 17
VisualStudioVersion = 17.4.33205.214
MinimumVisualStudioVersion = 10.0.40219.1
Project("{9A19103F-16F7-4668-BE54-9A1E7A4F7556}") = "Svelte.Dotnet.Template.Server", "Svelte.Dotnet.Template\Svelte.Dotnet.Template.Server\Svelte.Dotnet.Template.Server.csproj", "{ED6656E0-57E2-4B27-BB53-B2E0A5554B93}"
EndProject
Project("{54A90642-561A-4BB1-A94E-469ADEE60C69}") = "Svelte.Dotnet.Template.Client", "Svelte.Dotnet.Template\Svelte.Dotnet.Template.Client\Svelte.Dotnet.Template.Client.esproj", "{EB52133A-13B8-4C56-A581-540E7093CA94}"
EndProject
Global
	GlobalSection(SolutionConfigurationPlatforms) = preSolution
		Debug|Any CPU = Debug|Any CPU
		Release|Any CPU = Release|Any CPU
	EndGlobalSection
	GlobalSection(ProjectConfigurationPlatforms) = postSolution
		{ED6656E0-57E2-4B27-BB53-B2E0A5554B93}.Debug|Any CPU.ActiveCfg = Debug|Any CPU
		{ED6656E0-57E2-4B27-BB53-B2E0A5554B93}.Debug|Any CPU.Build.0 = Debug|Any CPU
		{ED6656E0-57E2-4B27-BB53-B2E0A5554B93}.Release|Any CPU.ActiveCfg = Release|Any CPU
		{ED6656E0-57E2-4B27-BB53-B2E0A5554B93}.Release|Any CPU.Build.0 = Release|Any CPU
		{EB52133A-13B8-4C56-A581-540E7093CA94}.Debug|Any CPU.ActiveCfg = Debug|Any CPU
		{EB52133A-13B8-4C56-A581-540E7093CA94}.Debug|Any CPU.Build.0 = Debug|Any CPU
		{EB52133A-13B8-4C56-A581-540E7093CA94}.Release|Any CPU.ActiveCfg = Debug|Any CPU
		{EB52133A-13B8-4C56-A581-540E7093CA94}.Release|Any CPU.Build.0 = Debug|Any CPU
	EndGlobalSection
	GlobalSection(SolutionProperties) = preSolution
		HideSolutionNode = FALSE
	EndGlobalSection
	GlobalSection(ExtensibilityGlobals) = postSolution
		SolutionGuid = {429F83A4-89DE-468D-8E1B-E662725381AC}
	EndGlobalSection
EndGlobal
